{
    "requires": true,
    "lockfileVersion": 1,
    "dependencies": {
        "jquery": {
            "version": "3.3.1",
            "resolved": "https://registry.npmjs.org/jquery/-/jquery-3.3.1.tgz",
            "integrity": "sha512-Ubldcmxp5np52/ENotGxlLe6aGMvmF4R8S6tZjsP6Knsaxd/xp3Zrh50cG93lR6nPXyUFwzN3ZSOQI0wRJNdGg=="
        },
        "jquery-ui": {
            "version": "1.12.1",
            "resolved": "https://registry.npmjs.org/jquery-ui/-/jquery-ui-1.12.1.tgz",
            "integrity": "sha1-vLQEXI3QU5wTS8FIjN0+dop6nlE="
        },
        "symfony-collection": {
            "version": "github:ninsuo/symfony-collection#fe14cd39233d57413380ac67a546375e3789da01",
            "from": "github:ninsuo/symfony-collection",
            "requires": {
                "jquery": ">=1.7",
                "jquery-ui": ">=1.0"
            }
        }
    }
}
